
Microsoft Visual Studio Solution File, Format Version 12.00
# Visual Studio Version 17
VisualStudioVersion = 17.11.35303.130
MinimumVisualStudioVersion = 10.0.40219.1
Project("{FAE04EC0-301F-11D3-BF4B-00C04F79EFBC}") = "WebApi", "WebApi\WebApi.csproj", "{ECC7DEDA-3F18-4127-9CF2-F0CE85D9D629}"
EndProject
Global
	GlobalSection(SolutionConfigurationPlatforms) = preSolution
		Debug|Any CPU = Debug|Any CPU
		Release|Any CPU = Release|Any CPU
	EndGlobalSection
	GlobalSection(ProjectConfigurationPlatforms) = postSolution
		{ECC7DEDA-3F18-4127-9CF2-F0CE85D9D629}.Debug|Any CPU.ActiveCfg = Debug|Any CPU
		{ECC7DEDA-3F18-4127-9CF2-F0CE85D9D629}.Debug|Any CPU.Build.0 = Debug|Any CPU
		{ECC7DEDA-3F18-4127-9CF2-F0CE85D9D629}.Release|Any CPU.ActiveCfg = Release|Any CPU
		{ECC7DEDA-3F18-4127-9CF2-F0CE85D9D629}.Release|Any CPU.Build.0 = Release|Any CPU
	EndGlobalSection
	GlobalSection(SolutionProperties) = preSolution
		HideSolutionNode = FALSE
	EndGlobalSection
	GlobalSection(ExtensibilityGlobals) = postSolution
		SolutionGuid = {ED9B25C4-4A12-4402-8652-1245A9B9C66F}
	EndGlobalSection
EndGlobal
